{
  "name": "Lyyyra",
  "lockfileVersion": 3,
  "requires": true,
  "packages": {
    "": {
      "dependencies": {
        "lorem-ipsum-generator": "^1.0.4"
      }
    },
    "node_modules/lorem-ipsum-generator": {
      "version": "1.0.4",
      "resolved": "https://registry.npmjs.org/lorem-ipsum-generator/-/lorem-ipsum-generator-1.0.4.tgz",
      "integrity": "sha512-o1HRp4Xf0CbcWtMFBvT93l3g9jcDWsSAvzepPB0czOrB0nXLphShJTZBvz2iltU1jejIAHlpyVQJ4mo6LhF3WQ=="
    }
  }
}
